
Microsoft Visual Studio Solution File, Format Version 11.00
# Visual Studio 2010
Project("{FAE04EC0-301F-11D3-BF4B-00C04F79EFBC}") = "Twitter.Text", "Twitter.Text\Twitter.Text.csproj", "{92834A0E-7BD3-4FA3-85A4-ED1468038268}"
EndProject
Project("{FAE04EC0-301F-11D3-BF4B-00C04F79EFBC}") = "Twitter.Text.Tests", "Twitter.Text.Tests\Twitter.Text.Tests.csproj", "{CAB33F40-FA5F-47C6-A0BB-96CEED4568A4}"
EndProject
Global
	GlobalSection(SolutionConfigurationPlatforms) = preSolution
		Debug|Any CPU = Debug|Any CPU
		Release|Any CPU = Release|Any CPU
	EndGlobalSection
	GlobalSection(ProjectConfigurationPlatforms) = postSolution
		{92834A0E-7BD3-4FA3-85A4-ED1468038268}.Debug|Any CPU.ActiveCfg = Debug|Any CPU
		{92834A0E-7BD3-4FA3-85A4-ED1468038268}.Debug|Any CPU.Build.0 = Debug|Any CPU
		{92834A0E-7BD3-4FA3-85A4-ED1468038268}.Release|Any CPU.ActiveCfg = Release|Any CPU
		{92834A0E-7BD3-4FA3-85A4-ED1468038268}.Release|Any CPU.Build.0 = Release|Any CPU
		{CAB33F40-FA5F-47C6-A0BB-96CEED4568A4}.Debug|Any CPU.ActiveCfg = Debug|Any CPU
		{CAB33F40-FA5F-47C6-A0BB-96CEED4568A4}.Debug|Any CPU.Build.0 = Debug|Any CPU
		{CAB33F40-FA5F-47C6-A0BB-96CEED4568A4}.Release|Any CPU.ActiveCfg = Release|Any CPU
		{CAB33F40-FA5F-47C6-A0BB-96CEED4568A4}.Release|Any CPU.Build.0 = Release|Any CPU
	EndGlobalSection
	GlobalSection(SolutionProperties) = preSolution
		HideSolutionNode = FALSE
	EndGlobalSection
EndGlobal
